
Microsoft Visual Studio Solution File, Format Version 12.00
# Visual Studio Version 17
VisualStudioVersion = 17.1.32414.318
MinimumVisualStudioVersion = 10.0.40219.1
Project("{9A19103F-16F7-4668-BE54-9A1E7A4F7556}") = "DemoblazeBDD", "DemoblazeBDD.csproj", "{E0570422-D98B-40E0-BF47-754560FBA668}"
EndProject
Project("{2150E333-8FDC-42A3-9474-1A3956D46DE8}") = "Solution Items", "Solution Items", "{8BA517D7-1CD9-44FE-A93C-A8E55B31E753}"
	ProjectSection(SolutionItems) = preProject
		.editorconfig = .editorconfig
	EndProjectSection
EndProject
Global
	GlobalSection(SolutionConfigurationPlatforms) = preSolution
		Debug|Any CPU = Debug|Any CPU
		Release|Any CPU = Release|Any CPU
	EndGlobalSection
	GlobalSection(ProjectConfigurationPlatforms) = postSolution
		{E0570422-D98B-40E0-BF47-754560FBA668}.Debug|Any CPU.ActiveCfg = Debug|Any CPU
		{E0570422-D98B-40E0-BF47-754560FBA668}.Debug|Any CPU.Build.0 = Debug|Any CPU
		{E0570422-D98B-40E0-BF47-754560FBA668}.Release|Any CPU.ActiveCfg = Release|Any CPU
		{E0570422-D98B-40E0-BF47-754560FBA668}.Release|Any CPU.Build.0 = Release|Any CPU
	EndGlobalSection
	GlobalSection(SolutionProperties) = preSolution
		HideSolutionNode = FALSE
	EndGlobalSection
	GlobalSection(ExtensibilityGlobals) = postSolution
		SolutionGuid = {90568DB6-5E1D-4C16-B7E4-21ECD6163144}
	EndGlobalSection
EndGlobal
